[root]
name = "cjdrs"
version = "0.0.1"
dependencies = [
 "mio 0.0.1 (git+https://github.com/reem/mio.git?ref=export-IoDesc)",
 "rustc-serialize 0.1.5 (registry+https://github.com/rust-lang/crates.io-index)",
 "sodiumoxide 0.0.1 (git+https://github.com/dnaq/sodiumoxide.git)",
 "tuntap 0.0.1 (git+https://github.com/Randati/tuntap-rust.git)",
]

[[package]]
name = "gcc"
version = "0.1.2"
source = "registry+https://github.com/rust-lang/crates.io-index"

[[package]]
name = "libsodium-sys"
version = "0.0.1"
source = "git+https://github.com/dnaq/sodiumoxide.git#15ea351b63f75127aa48180d0b2821c17d6e68d7"

[[package]]
name = "log"
version = "0.1.4"
source = "registry+https://github.com/rust-lang/crates.io-index"
dependencies = [
 "regex 0.1.4 (registry+https://github.com/rust-lang/crates.io-index)",
]

[[package]]
name = "mio"
version = "0.0.1"
source = "git+https://github.com/reem/mio.git?ref=export-IoDesc#e0de91972a9599c73ce86bc504ad7bbd9dbb62de"
dependencies = [
 "log 0.1.4 (registry+https://github.com/rust-lang/crates.io-index)",
 "nix 0.1.0 (git+https://github.com/carllerche/nix-rust)",
 "time 0.1.4 (registry+https://github.com/rust-lang/crates.io-index)",
]

[[package]]
name = "nix"
version = "0.1.0"
source = "git+https://github.com/carllerche/nix-rust#898674f93c2a4df6a8e2c9e07ed509ddb3d4e866"

[[package]]
name = "regex"
version = "0.1.4"
source = "registry+https://github.com/rust-lang/crates.io-index"

[[package]]
name = "rustc-serialize"
version = "0.1.5"
source = "registry+https://github.com/rust-lang/crates.io-index"

[[package]]
name = "sodiumoxide"
version = "0.0.1"
source = "git+https://github.com/dnaq/sodiumoxide.git#15ea351b63f75127aa48180d0b2821c17d6e68d7"
dependencies = [
 "libsodium-sys 0.0.1 (git+https://github.com/dnaq/sodiumoxide.git)",
]

[[package]]
name = "time"
version = "0.1.4"
source = "registry+https://github.com/rust-lang/crates.io-index"
dependencies = [
 "gcc 0.1.2 (registry+https://github.com/rust-lang/crates.io-index)",
 "log 0.1.4 (registry+https://github.com/rust-lang/crates.io-index)",
 "rustc-serialize 0.1.5 (registry+https://github.com/rust-lang/crates.io-index)",
]

[[package]]
name = "tuntap"
version = "0.0.1"
source = "git+https://github.com/Randati/tuntap-rust.git#75870a9977f46aa32ba7de3af31164b130f6e415"

